
Microsoft Visual Studio Solution File, Format Version 12.00
Project("{FAE04EC0-301F-11D3-BF4B-00C04F79EFBC}") = "cg-assignments", "cg-assignments\cg-assignments.csproj", "{DA2E5037-DCEB-47C1-8FCD-F34D28C9E75D}"
EndProject
Global
	GlobalSection(SolutionConfigurationPlatforms) = preSolution
		Debug|Any CPU = Debug|Any CPU
		Release|Any CPU = Release|Any CPU
	EndGlobalSection
	GlobalSection(ProjectConfigurationPlatforms) = postSolution
		{DA2E5037-DCEB-47C1-8FCD-F34D28C9E75D}.Debug|Any CPU.ActiveCfg = Debug|Any CPU
		{DA2E5037-DCEB-47C1-8FCD-F34D28C9E75D}.Debug|Any CPU.Build.0 = Debug|Any CPU
		{DA2E5037-DCEB-47C1-8FCD-F34D28C9E75D}.Release|Any CPU.ActiveCfg = Release|Any CPU
		{DA2E5037-DCEB-47C1-8FCD-F34D28C9E75D}.Release|Any CPU.Build.0 = Release|Any CPU
	EndGlobalSection
EndGlobal
