
Microsoft Visual Studio Solution File, Format Version 12.00
Project("{FAE04EC0-301F-11D3-BF4B-00C04F79EFBC}") = "ImageConverter", "ImageConverter\ImageConverter.csproj", "{DA2E5037-DCEB-47C1-8FCD-F34D28C9E75D}"
EndProject
Project("{FAE04EC0-301F-11D3-BF4B-00C04F79EFBC}") = "ImageLibrary", "ImageLibrary\ImageLibrary.csproj", "{DF02FA12-9733-4E22-914F-B5D60CE4340F}"
EndProject
Project("{FAE04EC0-301F-11D3-BF4B-00C04F79EFBC}") = "PngConverter", "PngConverter\PngConverter.csproj", "{2A3D6883-6CC4-457E-B092-55E6DA951375}"
EndProject
Project("{FAE04EC0-301F-11D3-BF4B-00C04F79EFBC}") = "PpmConverter", "PpmConverter\PpmConverter.csproj", "{E6D76D6B-1302-4888-8146-3F3C57AA5981}"
EndProject
Project("{FAE04EC0-301F-11D3-BF4B-00C04F79EFBC}") = "JpegConverter", "JpegConverter\JpegConverter.csproj", "{50674FAE-A3A9-4ABE-A83B-9756771A3EC7}"
EndProject
Global
	GlobalSection(SolutionConfigurationPlatforms) = preSolution
		Debug|Any CPU = Debug|Any CPU
		Release|Any CPU = Release|Any CPU
	EndGlobalSection
	GlobalSection(ProjectConfigurationPlatforms) = postSolution
		{DA2E5037-DCEB-47C1-8FCD-F34D28C9E75D}.Debug|Any CPU.ActiveCfg = Debug|Any CPU
		{DA2E5037-DCEB-47C1-8FCD-F34D28C9E75D}.Debug|Any CPU.Build.0 = Debug|Any CPU
		{DA2E5037-DCEB-47C1-8FCD-F34D28C9E75D}.Release|Any CPU.ActiveCfg = Release|Any CPU
		{DA2E5037-DCEB-47C1-8FCD-F34D28C9E75D}.Release|Any CPU.Build.0 = Release|Any CPU
		{DF02FA12-9733-4E22-914F-B5D60CE4340F}.Debug|Any CPU.ActiveCfg = Debug|Any CPU
		{DF02FA12-9733-4E22-914F-B5D60CE4340F}.Debug|Any CPU.Build.0 = Debug|Any CPU
		{DF02FA12-9733-4E22-914F-B5D60CE4340F}.Release|Any CPU.ActiveCfg = Release|Any CPU
		{DF02FA12-9733-4E22-914F-B5D60CE4340F}.Release|Any CPU.Build.0 = Release|Any CPU
		{2A3D6883-6CC4-457E-B092-55E6DA951375}.Debug|Any CPU.ActiveCfg = Debug|Any CPU
		{2A3D6883-6CC4-457E-B092-55E6DA951375}.Debug|Any CPU.Build.0 = Debug|Any CPU
		{2A3D6883-6CC4-457E-B092-55E6DA951375}.Release|Any CPU.ActiveCfg = Release|Any CPU
		{2A3D6883-6CC4-457E-B092-55E6DA951375}.Release|Any CPU.Build.0 = Release|Any CPU
		{E6D76D6B-1302-4888-8146-3F3C57AA5981}.Debug|Any CPU.ActiveCfg = Debug|Any CPU
		{E6D76D6B-1302-4888-8146-3F3C57AA5981}.Debug|Any CPU.Build.0 = Debug|Any CPU
		{E6D76D6B-1302-4888-8146-3F3C57AA5981}.Release|Any CPU.ActiveCfg = Release|Any CPU
		{E6D76D6B-1302-4888-8146-3F3C57AA5981}.Release|Any CPU.Build.0 = Release|Any CPU
		{50674FAE-A3A9-4ABE-A83B-9756771A3EC7}.Debug|Any CPU.ActiveCfg = Debug|Any CPU
		{50674FAE-A3A9-4ABE-A83B-9756771A3EC7}.Debug|Any CPU.Build.0 = Debug|Any CPU
		{50674FAE-A3A9-4ABE-A83B-9756771A3EC7}.Release|Any CPU.ActiveCfg = Release|Any CPU
		{50674FAE-A3A9-4ABE-A83B-9756771A3EC7}.Release|Any CPU.Build.0 = Release|Any CPU
	EndGlobalSection
EndGlobal
